
Microsoft Visual Studio Solution File, Format Version 12.00
# Visual Studio Version 16
VisualStudioVersion = 16.0.31112.23
MinimumVisualStudioVersion = 10.0.40219.1
Project("{FAE04EC0-301F-11D3-BF4B-00C04F79EFBC}") = "ABAPAI.Domain", "ABAPAI.Domain\ABAPAI.Domain.csproj", "{78839B32-C173-49B7-BDD6-F45DA230D57E}"
EndProject
Project("{FAE04EC0-301F-11D3-BF4B-00C04F79EFBC}") = "ABAPAI.Infra", "ABAPAI.Infra\ABAPAI.Infra.csproj", "{BC73E481-48A7-4D75-A102-F05F1664DAC3}"
EndProject
Project("{FAE04EC0-301F-11D3-BF4B-00C04F79EFBC}") = "ABAPAI.API", "ABAPAI.API\ABAPAI.API.csproj", "{86655884-BD25-4E78-B9CC-00BDFBD78B90}"
EndProject
Project("{FAE04EC0-301F-11D3-BF4B-00C04F79EFBC}") = "ABAPAI.Tests", "ABAPAI.Tests\ABAPAI.Tests.csproj", "{9F600CED-4618-48A9-AE5C-982F9E5319FA}"
EndProject
Global
	GlobalSection(SolutionConfigurationPlatforms) = preSolution
		Debug|Any CPU = Debug|Any CPU
		Release|Any CPU = Release|Any CPU
	EndGlobalSection
	GlobalSection(ProjectConfigurationPlatforms) = postSolution
		{78839B32-C173-49B7-BDD6-F45DA230D57E}.Debug|Any CPU.ActiveCfg = Debug|Any CPU
		{78839B32-C173-49B7-BDD6-F45DA230D57E}.Debug|Any CPU.Build.0 = Debug|Any CPU
		{78839B32-C173-49B7-BDD6-F45DA230D57E}.Release|Any CPU.ActiveCfg = Release|Any CPU
		{78839B32-C173-49B7-BDD6-F45DA230D57E}.Release|Any CPU.Build.0 = Release|Any CPU
		{BC73E481-48A7-4D75-A102-F05F1664DAC3}.Debug|Any CPU.ActiveCfg = Debug|Any CPU
		{BC73E481-48A7-4D75-A102-F05F1664DAC3}.Debug|Any CPU.Build.0 = Debug|Any CPU
		{BC73E481-48A7-4D75-A102-F05F1664DAC3}.Release|Any CPU.ActiveCfg = Release|Any CPU
		{BC73E481-48A7-4D75-A102-F05F1664DAC3}.Release|Any CPU.Build.0 = Release|Any CPU
		{86655884-BD25-4E78-B9CC-00BDFBD78B90}.Debug|Any CPU.ActiveCfg = Debug|Any CPU
		{86655884-BD25-4E78-B9CC-00BDFBD78B90}.Debug|Any CPU.Build.0 = Debug|Any CPU
		{86655884-BD25-4E78-B9CC-00BDFBD78B90}.Release|Any CPU.ActiveCfg = Release|Any CPU
		{86655884-BD25-4E78-B9CC-00BDFBD78B90}.Release|Any CPU.Build.0 = Release|Any CPU
		{9F600CED-4618-48A9-AE5C-982F9E5319FA}.Debug|Any CPU.ActiveCfg = Debug|Any CPU
		{9F600CED-4618-48A9-AE5C-982F9E5319FA}.Debug|Any CPU.Build.0 = Debug|Any CPU
		{9F600CED-4618-48A9-AE5C-982F9E5319FA}.Release|Any CPU.ActiveCfg = Release|Any CPU
		{9F600CED-4618-48A9-AE5C-982F9E5319FA}.Release|Any CPU.Build.0 = Release|Any CPU
	EndGlobalSection
	GlobalSection(SolutionProperties) = preSolution
		HideSolutionNode = FALSE
	EndGlobalSection
	GlobalSection(ExtensibilityGlobals) = postSolution
		SolutionGuid = {32FFEF89-5EA2-4137-91A0-1DF000172158}
	EndGlobalSection
EndGlobal
